apiVersion: v1
kind: ConfigMap
metadata:
  creationTimestamp: "2020-08-11T18:05:39Z"
  name: 3scale-operator-lock
  namespace: 3scale-project
  ownerReferences:
  - apiVersion: v1
    kind: Pod
    name: 3scale-operator-5f86664c4b-j9tbl
    uid: b5741a7a-f5b0-4884-83c4-714083d88d2d
  resourceVersion: "216974246"
  selfLink: /api/v1/namespaces/3scale-project/configmaps/3scale-operator-lock
  uid: eb03ed4b-4740-4bd3-8a85-071e70ce48cd
